
Microsoft Visual Studio Solution File, Format Version 12.00
# Visual Studio Version 16
VisualStudioVersion = 16.0.30128.74
MinimumVisualStudioVersion = 10.0.40219.1
Project("{FAE04EC0-301F-11D3-BF4B-00C04F79EFBC}") = "Programa", "Programa\Programa.csproj", "{6D6845DA-072F-4CC1-BC39-309656169533}"
EndProject
Global
	GlobalSection(SolutionConfigurationPlatforms) = preSolution
		Debug|Any CPU = Debug|Any CPU
		Release|Any CPU = Release|Any CPU
	EndGlobalSection
	GlobalSection(ProjectConfigurationPlatforms) = postSolution
		{6D6845DA-072F-4CC1-BC39-309656169533}.Debug|Any CPU.ActiveCfg = Debug|Any CPU
		{6D6845DA-072F-4CC1-BC39-309656169533}.Debug|Any CPU.Build.0 = Debug|Any CPU
		{6D6845DA-072F-4CC1-BC39-309656169533}.Release|Any CPU.ActiveCfg = Release|Any CPU
		{6D6845DA-072F-4CC1-BC39-309656169533}.Release|Any CPU.Build.0 = Release|Any CPU
	EndGlobalSection
	GlobalSection(SolutionProperties) = preSolution
		HideSolutionNode = FALSE
	EndGlobalSection
	GlobalSection(ExtensibilityGlobals) = postSolution
		SolutionGuid = {601D2B80-F7BD-4EF7-93F7-FFD2C1BD9430}
	EndGlobalSection
EndGlobal
